
Microsoft Visual Studio Solution File, Format Version 12.00
# Visual Studio Version 16
VisualStudioVersion = 16.0.29926.136
MinimumVisualStudioVersion = 10.0.40219.1
Project("{FAE04EC0-301F-11D3-BF4B-00C04F79EFBC}") = "Cw11", "Cw11.csproj", "{3540C582-8224-4B70-A3F7-2CD1ED9F8294}"
EndProject
Global
	GlobalSection(SolutionConfigurationPlatforms) = preSolution
		Debug|Any CPU = Debug|Any CPU
		Release|Any CPU = Release|Any CPU
	EndGlobalSection
	GlobalSection(ProjectConfigurationPlatforms) = postSolution
		{3540C582-8224-4B70-A3F7-2CD1ED9F8294}.Debug|Any CPU.ActiveCfg = Debug|Any CPU
		{3540C582-8224-4B70-A3F7-2CD1ED9F8294}.Debug|Any CPU.Build.0 = Debug|Any CPU
		{3540C582-8224-4B70-A3F7-2CD1ED9F8294}.Release|Any CPU.ActiveCfg = Release|Any CPU
		{3540C582-8224-4B70-A3F7-2CD1ED9F8294}.Release|Any CPU.Build.0 = Release|Any CPU
	EndGlobalSection
	GlobalSection(SolutionProperties) = preSolution
		HideSolutionNode = FALSE
	EndGlobalSection
	GlobalSection(ExtensibilityGlobals) = postSolution
		SolutionGuid = {F46C5872-5673-4E6A-A4B1-D5780D4430A2}
	EndGlobalSection
EndGlobal
